
Microsoft Visual Studio Solution File, Format Version 12.00
# Visual Studio Version 17
VisualStudioVersion = 17.8.34511.84
MinimumVisualStudioVersion = 10.0.40219.1
Project("{FAE04EC0-301F-11D3-BF4B-00C04F79EFBC}") = "Examination System", "Examination System\Examination System.csproj", "{EEFE8375-0378-452B-A934-31230F742B98}"
EndProject
Global
	GlobalSection(SolutionConfigurationPlatforms) = preSolution
		Debug|Any CPU = Debug|Any CPU
		Release|Any CPU = Release|Any CPU
	EndGlobalSection
	GlobalSection(ProjectConfigurationPlatforms) = postSolution
		{EEFE8375-0378-452B-A934-31230F742B98}.Debug|Any CPU.ActiveCfg = Debug|Any CPU
		{EEFE8375-0378-452B-A934-31230F742B98}.Debug|Any CPU.Build.0 = Debug|Any CPU
		{EEFE8375-0378-452B-A934-31230F742B98}.Release|Any CPU.ActiveCfg = Release|Any CPU
		{EEFE8375-0378-452B-A934-31230F742B98}.Release|Any CPU.Build.0 = Release|Any CPU
	EndGlobalSection
	GlobalSection(SolutionProperties) = preSolution
		HideSolutionNode = FALSE
	EndGlobalSection
	GlobalSection(ExtensibilityGlobals) = postSolution
		SolutionGuid = {F3334641-E7A4-49AE-9493-DB0CB9B91E60}
	EndGlobalSection
EndGlobal
